# @generated by Move, please check-in and do not edit manually.

[move]
version = 2
manifest_digest = "2D288CBCA51F973F6DBDFF1B8D16E5B3E707D2873393C8FA81C6FF8E5DDA9A68"
deps_digest = "F8BBB0CCB2491CA29A3DF03D6F92277A4F3574266507ACD77214D37ECA3F3082"
dependencies = [
  { name = "Sui" },
]

[[move.package]]
name = "MoveStdlib"
source = { git = "https://github.com/MystenLabs/sui.git", rev = "framework/testnet", subdir = "crates/sui-framework/packages/move-stdlib" }

[[move.package]]
name = "Sui"
source = { git = "https://github.com/MystenLabs/sui.git", rev = "framework/testnet", subdir = "crates/sui-framework/packages/sui-framework" }

dependencies = [
  { name = "MoveStdlib" },
]

[move.toolchain-version]
compiler-version = "1.27.2"
edition = "2024.beta"
flavor = "sui"

[env]

[env.mov]
chain-id = "4c78adac"
original-published-id = "0x755b24de77751cbc4a3f46e7baeee2956af011e62da6fa3e9adb625f82123e02"
latest-published-id = "0x755b24de77751cbc4a3f46e7baeee2956af011e62da6fa3e9adb625f82123e02"
published-version = "1"
